// !$*UTF8*$!
{
	archiveVersion = 1;
	classes = {
	};
	objectVersion = 46;
	objects = {

/* Begin PBXBuildFile section */
		34B6903C2CAEAA8B8C30901D /* Pods_ToriCare.framework in Frameworks */ = {isa = PBXBuildFile; fileRef = 911762159C17E8C5A87BC5C2 /* Pods_ToriCare.framework */; };
		3F4938861EF8BA4E008657EE /* AppDelegate.m in Sources */ = {isa = PBXBuildFile; fileRef = 3F4938761EF8BA4E008657EE /* AppDelegate.m */; };
		3F4938871EF8BA4E008657EE /* Assets.xcassets in Resources */ = {isa = PBXBuildFile; fileRef = 3F49387D1EF8BA4E008657EE /* Assets.xcassets */; };
		3F4938881EF8BA4E008657EE /* Info.plist in Resources */ = {isa = PBXBuildFile; fileRef = 3F49387F1EF8BA4E008657EE /* Info.plist */; };
		3F4938891EF8BA4E008657EE /* LaunchScreen.storyboard in Resources */ = {isa = PBXBuildFile; fileRef = 3F4938801EF8BA4E008657EE /* LaunchScreen.storyboard */; };
		3F49388A1EF8BA4E008657EE /* main.m in Sources */ = {isa = PBXBuildFile; fileRef = 3F4938811EF8BA4E008657EE /* main.m */; };
		3F4938901EF8BC1A008657EE /* TRCBaseViewController.m in Sources */ = {isa = PBXBuildFile; fileRef = 3F49388F1EF8BC1A008657EE /* TRCBaseViewController.m */; };
		3F49389A1EF8BD84008657EE /* TRCLoginViewController.m in Sources */ = {isa = PBXBuildFile; fileRef = 3F4938981EF8BD84008657EE /* TRCLoginViewController.m */; };
		3F49389D1EF8BDE4008657EE /* TRCLoginViewController.xib in Resources */ = {isa = PBXBuildFile; fileRef = 3F49389C1EF8BDE4008657EE /* TRCLoginViewController.xib */; };
		3F4938A11EF8C16D008657EE /* UITableView+Extension.m in Sources */ = {isa = PBXBuildFile; fileRef = 3F4938A01EF8C16D008657EE /* UITableView+Extension.m */; };
		3F4938A41EF8C2F2008657EE /* UIViewController+Extension.m in Sources */ = {isa = PBXBuildFile; fileRef = 3F4938A31EF8C2F2008657EE /* UIViewController+Extension.m */; };
		3F4938A71EF8C894008657EE /* UiCollectionView+Extension.m in Sources */ = {isa = PBXBuildFile; fileRef = 3F4938A61EF8C894008657EE /* UiCollectionView+Extension.m */; };
		3F4938AA1EF8CA37008657EE /* UIColor+Customize.m in Sources */ = {isa = PBXBuildFile; fileRef = 3F4938A91EF8CA37008657EE /* UIColor+Customize.m */; };
/* End PBXBuildFile section */

/* Begin PBXFileReference section */
		3F49385A1EF8B6A2008657EE /* ToriCare.app */ = {isa = PBXFileReference; explicitFileType = wrapper.application; includeInIndex = 0; path = ToriCare.app; sourceTree = BUILT_PRODUCTS_DIR; };
		3F4938751EF8BA4E008657EE /* AppDelegate.h */ = {isa = PBXFileReference; fileEncoding = 4; lastKnownFileType = sourcecode.c.h; path = AppDelegate.h; sourceTree = "<group>"; };
		3F4938761EF8BA4E008657EE /* AppDelegate.m */ = {isa = PBXFileReference; fileEncoding = 4; lastKnownFileType = sourcecode.c.objc; path = AppDelegate.m; sourceTree = "<group>"; };
		3F49387D1EF8BA4E008657EE /* Assets.xcassets */ = {isa = PBXFileReference; lastKnownFileType = folder.assetcatalog; path = Assets.xcassets; sourceTree = "<group>"; };
		3F49387F1EF8BA4E008657EE /* Info.plist */ = {isa = PBXFileReference; fileEncoding = 4; lastKnownFileType = text.plist.xml; path = Info.plist; sourceTree = "<group>"; };
		3F4938801EF8BA4E008657EE /* LaunchScreen.storyboard */ = {isa = PBXFileReference; fileEncoding = 4; lastKnownFileType = file.storyboard; path = LaunchScreen.storyboard; sourceTree = "<group>"; };
		3F4938811EF8BA4E008657EE /* main.m */ = {isa = PBXFileReference; fileEncoding = 4; lastKnownFileType = sourcecode.c.objc; path = main.m; sourceTree = "<group>"; };
		3F49388E1EF8BC1A008657EE /* TRCBaseViewController.h */ = {isa = PBXFileReference; fileEncoding = 4; lastKnownFileType = sourcecode.c.h; path = TRCBaseViewController.h; sourceTree = "<group>"; };
		3F49388F1EF8BC1A008657EE /* TRCBaseViewController.m */ = {isa = PBXFileReference; fileEncoding = 4; lastKnownFileType = sourcecode.c.objc; path = TRCBaseViewController.m; sourceTree = "<group>"; };
		3F4938971EF8BD84008657EE /* TRCLoginViewController.h */ = {isa = PBXFileReference; fileEncoding = 4; lastKnownFileType = sourcecode.c.h; path = TRCLoginViewController.h; sourceTree = "<group>"; };
		3F4938981EF8BD84008657EE /* TRCLoginViewController.m */ = {isa = PBXFileReference; fileEncoding = 4; lastKnownFileType = sourcecode.c.objc; path = TRCLoginViewController.m; sourceTree = "<group>"; };
		3F49389C1EF8BDE4008657EE /* TRCLoginViewController.xib */ = {isa = PBXFileReference; fileEncoding = 4; lastKnownFileType = file.xib; path = TRCLoginViewController.xib; sourceTree = "<group>"; };
		3F49389F1EF8C16D008657EE /* UITableView+Extension.h */ = {isa = PBXFileReference; fileEncoding = 4; lastKnownFileType = sourcecode.c.h; path = "UITableView+Extension.h"; sourceTree = "<group>"; };
		3F4938A01EF8C16D008657EE /* UITableView+Extension.m */ = {isa = PBXFileReference; fileEncoding = 4; lastKnownFileType = sourcecode.c.objc; path = "UITableView+Extension.m"; sourceTree = "<group>"; };
		3F4938A21EF8C2F2008657EE /* UIViewController+Extension.h */ = {isa = PBXFileReference; fileEncoding = 4; lastKnownFileType = sourcecode.c.h; path = "UIViewController+Extension.h"; sourceTree = "<group>"; };
		3F4938A31EF8C2F2008657EE /* UIViewController+Extension.m */ = {isa = PBXFileReference; fileEncoding = 4; lastKnownFileType = sourcecode.c.objc; path = "UIViewController+Extension.m"; sourceTree = "<group>"; };
		3F4938A51EF8C894008657EE /* UiCollectionView+Extension.h */ = {isa = PBXFileReference; fileEncoding = 4; lastKnownFileType = sourcecode.c.h; path = "UiCollectionView+Extension.h"; sourceTree = "<group>"; };
		3F4938A61EF8C894008657EE /* UiCollectionView+Extension.m */ = {isa = PBXFileReference; fileEncoding = 4; lastKnownFileType = sourcecode.c.objc; path = "UiCollectionView+Extension.m"; sourceTree = "<group>"; };
		3F4938A81EF8CA37008657EE /* UIColor+Customize.h */ = {isa = PBXFileReference; fileEncoding = 4; lastKnownFileType = sourcecode.c.h; path = "UIColor+Customize.h"; sourceTree = "<group>"; };
		3F4938A91EF8CA37008657EE /* UIColor+Customize.m */ = {isa = PBXFileReference; fileEncoding = 4; lastKnownFileType = sourcecode.c.objc; path = "UIColor+Customize.m"; sourceTree = "<group>"; };
		6BFCB6BF76717D07AAA399D1 /* Pods-ToriCare.release.xcconfig */ = {isa = PBXFileReference; includeInIndex = 1; lastKnownFileType = text.xcconfig; name = "Pods-ToriCare.release.xcconfig"; path = "Pods/Target Support Files/Pods-ToriCare/Pods-ToriCare.release.xcconfig"; sourceTree = "<group>"; };
		911762159C17E8C5A87BC5C2 /* Pods_ToriCare.framework */ = {isa = PBXFileReference; explicitFileType = wrapper.framework; includeInIndex = 0; path = Pods_ToriCare.framework; sourceTree = BUILT_PRODUCTS_DIR; };
		A3F44C2066EEA12EBA0EDCC4 /* Pods-ToriCare.debug.xcconfig */ = {isa = PBXFileReference; includeInIndex = 1; lastKnownFileType = text.xcconfig; name = "Pods-ToriCare.debug.xcconfig"; path = "Pods/Target Support Files/Pods-ToriCare/Pods-ToriCare.debug.xcconfig"; sourceTree = "<group>"; };
/* End PBXFileReference section */

/* Begin PBXFrameworksBuildPhase section */
		3F4938571EF8B6A2008657EE /* Frameworks */ = {
			isa = PBXFrameworksBuildPhase;
			buildActionMask = 2147483647;
			files = (
				34B6903C2CAEAA8B8C30901D /* Pods_ToriCare.framework in Frameworks */,
			);
			runOnlyForDeploymentPostprocessing = 0;
		};
/* End PBXFrameworksBuildPhase section */

/* Begin PBXGroup section */
		002EA3994F4A0C95B4705218 /* Frameworks */ = {
			isa = PBXGroup;
			children = (
				911762159C17E8C5A87BC5C2 /* Pods_ToriCare.framework */,
			);
			name = Frameworks;
			sourceTree = "<group>";
		};
		3F4938511EF8B6A2008657EE = {
			isa = PBXGroup;
			children = (
				3F49385C1EF8B6A2008657EE /* ToriCare */,
				3F49385B1EF8B6A2008657EE /* Products */,
				B23751C4CF5892CFD7A6FA6F /* Pods */,
				002EA3994F4A0C95B4705218 /* Frameworks */,
			);
			sourceTree = "<group>";
		};
		3F49385B1EF8B6A2008657EE /* Products */ = {
			isa = PBXGroup;
			children = (
				3F49385A1EF8B6A2008657EE /* ToriCare.app */,
			);
			name = Products;
			sourceTree = "<group>";
		};
		3F49385C1EF8B6A2008657EE /* ToriCare */ = {
			isa = PBXGroup;
			children = (
				3F4938741EF8BA4E008657EE /* AppDelegate */,
				3F4938771EF8BA4E008657EE /* Global */,
				3F4938821EF8BA4E008657EE /* ViewController */,
				3F49387C1EF8BA4E008657EE /* Resources */,
				3F49387B1EF8BA4E008657EE /* Libraries */,
				3F49387E1EF8BA4E008657EE /* Supporting Files */,
			);
			path = ToriCare;
			sourceTree = "<group>";
		};
		3F4938741EF8BA4E008657EE /* AppDelegate */ = {
			isa = PBXGroup;
			children = (
				3F4938751EF8BA4E008657EE /* AppDelegate.h */,
				3F4938761EF8BA4E008657EE /* AppDelegate.m */,
			);
			path = AppDelegate;
			sourceTree = "<group>";
		};
		3F4938771EF8BA4E008657EE /* Global */ = {
			isa = PBXGroup;
			children = (
				3F49387A1EF8BA4E008657EE /* TRCObject */,
				3F4938791EF8BA4E008657EE /* ServerAdapter */,
				3F49389E1EF8C116008657EE /* Extensions */,
				3F4938781EF8BA4E008657EE /* Constant */,
			);
			path = Global;
			sourceTree = "<group>";
		};
		3F4938781EF8BA4E008657EE /* Constant */ = {
			isa = PBXGroup;
			children = (
			);
			path = Constant;
			sourceTree = "<group>";
		};
		3F4938791EF8BA4E008657EE /* ServerAdapter */ = {
			isa = PBXGroup;
			children = (
			);
			path = ServerAdapter;
			sourceTree = "<group>";
		};
		3F49387A1EF8BA4E008657EE /* TRCObject */ = {
			isa = PBXGroup;
			children = (
			);
			path = TRCObject;
			sourceTree = "<group>";
		};
		3F49387B1EF8BA4E008657EE /* Libraries */ = {
			isa = PBXGroup;
			children = (
			);
			path = Libraries;
			sourceTree = "<group>";
		};
		3F49387C1EF8BA4E008657EE /* Resources */ = {
			isa = PBXGroup;
			children = (
				3F49387D1EF8BA4E008657EE /* Assets.xcassets */,
			);
			path = Resources;
			sourceTree = "<group>";
		};
		3F49387E1EF8BA4E008657EE /* Supporting Files */ = {
			isa = PBXGroup;
			children = (
				3F49387F1EF8BA4E008657EE /* Info.plist */,
				3F4938801EF8BA4E008657EE /* LaunchScreen.storyboard */,
				3F4938811EF8BA4E008657EE /* main.m */,
			);
			path = "Supporting Files";
			sourceTree = "<group>";
		};
		3F4938821EF8BA4E008657EE /* ViewController */ = {
			isa = PBXGroup;
			children = (
				3F4938931EF8BD14008657EE /* Login */,
				3F49388D1EF8BC05008657EE /* BaseViewController */,
			);
			path = ViewController;
			sourceTree = "<group>";
		};
		3F49388D1EF8BC05008657EE /* BaseViewController */ = {
			isa = PBXGroup;
			children = (
				3F49388E1EF8BC1A008657EE /* TRCBaseViewController.h */,
				3F49388F1EF8BC1A008657EE /* TRCBaseViewController.m */,
			);
			path = BaseViewController;
			sourceTree = "<group>";
		};
		3F4938931EF8BD14008657EE /* Login */ = {
			isa = PBXGroup;
			children = (
				3F4938941EF8BD14008657EE /* Controller */,
				3F4938951EF8BD14008657EE /* Model */,
				3F4938961EF8BD14008657EE /* View */,
			);
			path = Login;
			sourceTree = "<group>";
		};
		3F4938941EF8BD14008657EE /* Controller */ = {
			isa = PBXGroup;
			children = (
				3F4938971EF8BD84008657EE /* TRCLoginViewController.h */,
				3F4938981EF8BD84008657EE /* TRCLoginViewController.m */,
			);
			path = Controller;
			sourceTree = "<group>";
		};
		3F4938951EF8BD14008657EE /* Model */ = {
			isa = PBXGroup;
			children = (
			);
			path = Model;
			sourceTree = "<group>";
		};
		3F4938961EF8BD14008657EE /* View */ = {
			isa = PBXGroup;
			children = (
				3F49389C1EF8BDE4008657EE /* TRCLoginViewController.xib */,
			);
			path = View;
			sourceTree = "<group>";
		};
		3F49389E1EF8C116008657EE /* Extensions */ = {
			isa = PBXGroup;
			children = (
				3F49389F1EF8C16D008657EE /* UITableView+Extension.h */,
				3F4938A01EF8C16D008657EE /* UITableView+Extension.m */,
				3F4938A21EF8C2F2008657EE /* UIViewController+Extension.h */,
				3F4938A31EF8C2F2008657EE /* UIViewController+Extension.m */,
				3F4938A51EF8C894008657EE /* UiCollectionView+Extension.h */,
				3F4938A61EF8C894008657EE /* UiCollectionView+Extension.m */,
				3F4938A81EF8CA37008657EE /* UIColor+Customize.h */,
				3F4938A91EF8CA37008657EE /* UIColor+Customize.m */,
			);
			path = Extensions;
			sourceTree = "<group>";
		};
		B23751C4CF5892CFD7A6FA6F /* Pods */ = {
			isa = PBXGroup;
			children = (
				A3F44C2066EEA12EBA0EDCC4 /* Pods-ToriCare.debug.xcconfig */,
				6BFCB6BF76717D07AAA399D1 /* Pods-ToriCare.release.xcconfig */,
			);
			name = Pods;
			sourceTree = "<group>";
		};
/* End PBXGroup section */

/* Begin PBXNativeTarget section */
		3F4938591EF8B6A2008657EE /* ToriCare */ = {
			isa = PBXNativeTarget;
			buildConfigurationList = 3F4938711EF8B6A2008657EE /* Build configuration list for PBXNativeTarget "ToriCare" */;
			buildPhases = (
				E282C11477CC16CD9C1E20EE /* [CP] Check Pods Manifest.lock */,
				3F4938561EF8B6A2008657EE /* Sources */,
				3F4938571EF8B6A2008657EE /* Frameworks */,
				3F4938581EF8B6A2008657EE /* Resources */,
				F94B8DD735EEEE64011536AF /* [CP] Embed Pods Frameworks */,
				DC12511C7501D5CF50B06B4D /* [CP] Copy Pods Resources */,
			);
			buildRules = (
			);
			dependencies = (
			);
			name = ToriCare;
			productName = ToriCare;
			productReference = 3F49385A1EF8B6A2008657EE /* ToriCare.app */;
			productType = "com.apple.product-type.application";
		};
/* End PBXNativeTarget section */

/* Begin PBXProject section */
		3F4938521EF8B6A2008657EE /* Project object */ = {
			isa = PBXProject;
			attributes = {
				CLASSPREFIX = TRC;
				LastUpgradeCheck = 0830;
				ORGANIZATIONNAME = "Mèo Béo";
				TargetAttributes = {
					3F4938591EF8B6A2008657EE = {
						CreatedOnToolsVersion = 8.3.3;
						DevelopmentTeam = 2L8CWRYK58;
						ProvisioningStyle = Automatic;
					};
				};
			};
			buildConfigurationList = 3F4938551EF8B6A2008657EE /* Build configuration list for PBXProject "ToriCare" */;
			compatibilityVersion = "Xcode 3.2";
			developmentRegion = English;
			hasScannedForEncodings = 0;
			knownRegions = (
				en,
				Base,
			);
			mainGroup = 3F4938511EF8B6A2008657EE;
			productRefGroup = 3F49385B1EF8B6A2008657EE /* Products */;
			projectDirPath = "";
			projectRoot = "";
			targets = (
				3F4938591EF8B6A2008657EE /* ToriCare */,
			);
		};
/* End PBXProject section */

/* Begin PBXResourcesBuildPhase section */
		3F4938581EF8B6A2008657EE /* Resources */ = {
			isa = PBXResourcesBuildPhase;
			buildActionMask = 2147483647;
			files = (
				3F49389D1EF8BDE4008657EE /* TRCLoginViewController.xib in Resources */,
				3F4938891EF8BA4E008657EE /* LaunchScreen.storyboard in Resources */,
				3F4938881EF8BA4E008657EE /* Info.plist in Resources */,
				3F4938871EF8BA4E008657EE /* Assets.xcassets in Resources */,
			);
			runOnlyForDeploymentPostprocessing = 0;
		};
/* End PBXResourcesBuildPhase section */

/* Begin PBXShellScriptBuildPhase section */
		DC12511C7501D5CF50B06B4D /* [CP] Copy Pods Resources */ = {
			isa = PBXShellScriptBuildPhase;
			buildActionMask = 2147483647;
			files = (
			);
			inputPaths = (
			);
			name = "[CP] Copy Pods Resources";
			outputPaths = (
			);
			runOnlyForDeploymentPostprocessing = 0;
			shellPath = /bin/sh;
			shellScript = "\"${SRCROOT}/Pods/Target Support Files/Pods-ToriCare/Pods-ToriCare-resources.sh\"\n";
			showEnvVarsInLog = 0;
		};
		E282C11477CC16CD9C1E20EE /* [CP] Check Pods Manifest.lock */ = {
			isa = PBXShellScriptBuildPhase;
			buildActionMask = 2147483647;
			files = (
			);
			inputPaths = (
			);
			name = "[CP] Check Pods Manifest.lock";
			outputPaths = (
			);
			runOnlyForDeploymentPostprocessing = 0;
			shellPath = /bin/sh;
			shellScript = "diff \"${PODS_ROOT}/../Podfile.lock\" \"${PODS_ROOT}/Manifest.lock\" > /dev/null\nif [ $? != 0 ] ; then\n    # print error to STDERR\n    echo \"error: The sandbox is not in sync with the Podfile.lock. Run 'pod install' or update your CocoaPods installation.\" >&2\n    exit 1\nfi\n";
			showEnvVarsInLog = 0;
		};
		F94B8DD735EEEE64011536AF /* [CP] Embed Pods Frameworks */ = {
			isa = PBXShellScriptBuildPhase;
			buildActionMask = 2147483647;
			files = (
			);
			inputPaths = (
			);
			name = "[CP] Embed Pods Frameworks";
			outputPaths = (
			);
			runOnlyForDeploymentPostprocessing = 0;
			shellPath = /bin/sh;
			shellScript = "\"${SRCROOT}/Pods/Target Support Files/Pods-ToriCare/Pods-ToriCare-frameworks.sh\"\n";
			showEnvVarsInLog = 0;
		};
/* End PBXShellScriptBuildPhase section */

/* Begin PBXSourcesBuildPhase section */
		3F4938561EF8B6A2008657EE /* Sources */ = {
			isa = PBXSourcesBuildPhase;
			buildActionMask = 2147483647;
			files = (
				3F4938A41EF8C2F2008657EE /* UIViewController+Extension.m in Sources */,
				3F4938AA1EF8CA37008657EE /* UIColor+Customize.m in Sources */,
				3F4938A11EF8C16D008657EE /* UITableView+Extension.m in Sources */,
				3F49389A1EF8BD84008657EE /* TRCLoginViewController.m in Sources */,
				3F4938A71EF8C894008657EE /* UiCollectionView+Extension.m in Sources */,
				3F4938901EF8BC1A008657EE /* TRCBaseViewController.m in Sources */,
				3F49388A1EF8BA4E008657EE /* main.m in Sources */,
				3F4938861EF8BA4E008657EE /* AppDelegate.m in Sources */,
			);
			runOnlyForDeploymentPostprocessing = 0;
		};
/* End PBXSourcesBuildPhase section */

/* Begin XCBuildConfiguration section */
		3F49386F1EF8B6A2008657EE /* Debug */ = {
			isa = XCBuildConfiguration;
			buildSettings = {
				ALWAYS_SEARCH_USER_PATHS = NO;
				CLANG_ANALYZER_NONNULL = YES;
				CLANG_ANALYZER_NUMBER_OBJECT_CONVERSION = YES_AGGRESSIVE;
				CLANG_CXX_LANGUAGE_STANDARD = "gnu++0x";
				CLANG_CXX_LIBRARY = "libc++";
				CLANG_ENABLE_MODULES = YES;
				CLANG_ENABLE_OBJC_ARC = YES;
				CLANG_WARN_BOOL_CONVERSION = YES;
				CLANG_WARN_CONSTANT_CONVERSION = YES;
				CLANG_WARN_DIRECT_OBJC_ISA_USAGE = YES_ERROR;
				CLANG_WARN_DOCUMENTATION_COMMENTS = YES;
				CLANG_WARN_EMPTY_BODY = YES;
				CLANG_WARN_ENUM_CONVERSION = YES;
				CLANG_WARN_INFINITE_RECURSION = YES;
				CLANG_WARN_INT_CONVERSION = YES;
				CLANG_WARN_OBJC_ROOT_CLASS = YES_ERROR;
				CLANG_WARN_SUSPICIOUS_MOVE = YES;
				CLANG_WARN_UNREACHABLE_CODE = YES;
				CLANG_WARN__DUPLICATE_METHOD_MATCH = YES;
				"CODE_SIGN_IDENTITY[sdk=iphoneos*]" = "iPhone Developer";
				COPY_PHASE_STRIP = NO;
				DEBUG_INFORMATION_FORMAT = dwarf;
				ENABLE_STRICT_OBJC_MSGSEND = YES;
				ENABLE_TESTABILITY = YES;
				GCC_C_LANGUAGE_STANDARD = gnu99;
				GCC_DYNAMIC_NO_PIC = NO;
				GCC_NO_COMMON_BLOCKS = YES;
				GCC_OPTIMIZATION_LEVEL = 0;
				GCC_PREPROCESSOR_DEFINITIONS = (
					"DEBUG=1",
					"$(inherited)",
				);
				GCC_WARN_64_TO_32_BIT_CONVERSION = YES;
				GCC_WARN_ABOUT_RETURN_TYPE = YES_ERROR;
				GCC_WARN_UNDECLARED_SELECTOR = YES;
				GCC_WARN_UNINITIALIZED_AUTOS = YES_AGGRESSIVE;
				GCC_WARN_UNUSED_FUNCTION = YES;
				GCC_WARN_UNUSED_VARIABLE = YES;
				IPHONEOS_DEPLOYMENT_TARGET = 10.3;
				MTL_ENABLE_DEBUG_INFO = YES;
				ONLY_ACTIVE_ARCH = YES;
				SDKROOT = iphoneos;
				TARGETED_DEVICE_FAMILY = "1,2";
			};
			name = Debug;
		};
		3F4938701EF8B6A2008657EE /* Release */ = {
			isa = XCBuildConfiguration;
			buildSettings = {
				ALWAYS_SEARCH_USER_PATHS = NO;
				CLANG_ANALYZER_NONNULL = YES;
				CLANG_ANALYZER_NUMBER_OBJECT_CONVERSION = YES_AGGRESSIVE;
				CLANG_CXX_LANGUAGE_STANDARD = "gnu++0x";
				CLANG_CXX_LIBRARY = "libc++";
				CLANG_ENABLE_MODULES = YES;
				CLANG_ENABLE_OBJC_ARC = YES;
				CLANG_WARN_BOOL_CONVERSION = YES;
				CLANG_WARN_CONSTANT_CONVERSION = YES;
				CLANG_WARN_DIRECT_OBJC_ISA_USAGE = YES_ERROR;
				CLANG_WARN_DOCUMENTATION_COMMENTS = YES;
				CLANG_WARN_EMPTY_BODY = YES;
				CLANG_WARN_ENUM_CONVERSION = YES;
				CLANG_WARN_INFINITE_RECURSION = YES;
				CLANG_WARN_INT_CONVERSION = YES;
				CLANG_WARN_OBJC_ROOT_CLASS = YES_ERROR;
				CLANG_WARN_SUSPICIOUS_MOVE = YES;
				CLANG_WARN_UNREACHABLE_CODE = YES;
				CLANG_WARN__DUPLICATE_METHOD_MATCH = YES;
				"CODE_SIGN_IDENTITY[sdk=iphoneos*]" = "iPhone Developer";
				COPY_PHASE_STRIP = NO;
				DEBUG_INFORMATION_FORMAT = "dwarf-with-dsym";
				ENABLE_NS_ASSERTIONS = NO;
				ENABLE_STRICT_OBJC_MSGSEND = YES;
				GCC_C_LANGUAGE_STANDARD = gnu99;
				GCC_NO_COMMON_BLOCKS = YES;
				GCC_WARN_64_TO_32_BIT_CONVERSION = YES;
				GCC_WARN_ABOUT_RETURN_TYPE = YES_ERROR;
				GCC_WARN_UNDECLARED_SELECTOR = YES;
				GCC_WARN_UNINITIALIZED_AUTOS = YES_AGGRESSIVE;
				GCC_WARN_UNUSED_FUNCTION = YES;
				GCC_WARN_UNUSED_VARIABLE = YES;
				IPHONEOS_DEPLOYMENT_TARGET = 10.3;
				MTL_ENABLE_DEBUG_INFO = NO;
				SDKROOT = iphoneos;
				TARGETED_DEVICE_FAMILY = "1,2";
				VALIDATE_PRODUCT = YES;
			};
			name = Release;
		};
		3F4938721EF8B6A2008657EE /* Debug */ = {
			isa = XCBuildConfiguration;
			baseConfigurationReference = A3F44C2066EEA12EBA0EDCC4 /* Pods-ToriCare.debug.xcconfig */;
			buildSettings = {
				ASSETCATALOG_COMPILER_APPICON_NAME = AppIcon;
				DEVELOPMENT_TEAM = 2L8CWRYK58;
				INFOPLIST_FILE = "$(SRCROOT)/ToriCare/Supporting Files/Info.plist";
				IPHONEOS_DEPLOYMENT_TARGET = 8.0;
				LD_RUNPATH_SEARCH_PATHS = "$(inherited) @executable_path/Frameworks";
				PRODUCT_BUNDLE_IDENTIFIER = com.meobeo.ToriCare;
				PRODUCT_NAME = "$(TARGET_NAME)";
			};
			name = Debug;
		};
		3F4938731EF8B6A2008657EE /* Release */ = {
			isa = XCBuildConfiguration;
			baseConfigurationReference = 6BFCB6BF76717D07AAA399D1 /* Pods-ToriCare.release.xcconfig */;
			buildSettings = {
				ASSETCATALOG_COMPILER_APPICON_NAME = AppIcon;
				DEVELOPMENT_TEAM = 2L8CWRYK58;
				INFOPLIST_FILE = "$(SRCROOT)/ToriCare/Supporting Files/Info.plist";
				IPHONEOS_DEPLOYMENT_TARGET = 8.0;
				LD_RUNPATH_SEARCH_PATHS = "$(inherited) @executable_path/Frameworks";
				PRODUCT_BUNDLE_IDENTIFIER = com.meobeo.ToriCare;
				PRODUCT_NAME = "$(TARGET_NAME)";
			};
			name = Release;
		};
/* End XCBuildConfiguration section */

/* Begin XCConfigurationList section */
		3F4938551EF8B6A2008657EE /* Build configuration list for PBXProject "ToriCare" */ = {
			isa = XCConfigurationList;
			buildConfigurations = (
				3F49386F1EF8B6A2008657EE /* Debug */,
				3F4938701EF8B6A2008657EE /* Release */,
			);
			defaultConfigurationIsVisible = 0;
			defaultConfigurationName = Release;
		};
		3F4938711EF8B6A2008657EE /* Build configuration list for PBXNativeTarget "ToriCare" */ = {
			isa = XCConfigurationList;
			buildConfigurations = (
				3F4938721EF8B6A2008657EE /* Debug */,
				3F4938731EF8B6A2008657EE /* Release */,
			);
			defaultConfigurationIsVisible = 0;
			defaultConfigurationName = Release;
		};
/* End XCConfigurationList section */
	};
	rootObject = 3F4938521EF8B6A2008657EE /* Project object */;
}
